// !$*UTF8*$!
{
	archiveVersion = 1;
	classes = {
	};
	objectVersion = 50;
	objects = {

/* Begin PBXBuildFile section */
		4720D3549352E8CB2B969529 /* Pods_Bear_DenTests.framework in Frameworks */ = {isa = PBXBuildFile; fileRef = EEFE10C0F38EE2028FE93E6D /* Pods_Bear_DenTests.framework */; };
		669030A821EF6DD200A78EC4 /* FourthViewController.swift in Sources */ = {isa = PBXBuildFile; fileRef = 669030A721EF6DD200A78EC4 /* FourthViewController.swift */; };
		66AC407321ECC80800DADD9D /* AppDelegate.swift in Sources */ = {isa = PBXBuildFile; fileRef = 66AC407221ECC80800DADD9D /* AppDelegate.swift */; };
		66AC407521ECC80800DADD9D /* FirstViewController.swift in Sources */ = {isa = PBXBuildFile; fileRef = 66AC407421ECC80800DADD9D /* FirstViewController.swift */; };
		66AC407A21ECC80800DADD9D /* Main.storyboard in Resources */ = {isa = PBXBuildFile; fileRef = 66AC407821ECC80800DADD9D /* Main.storyboard */; };
		66AC407C21ECC80900DADD9D /* Assets.xcassets in Resources */ = {isa = PBXBuildFile; fileRef = 66AC407B21ECC80900DADD9D /* Assets.xcassets */; };
		66AC408A21ECC80900DADD9D /* Bear_DenTests.swift in Sources */ = {isa = PBXBuildFile; fileRef = 66AC408921ECC80900DADD9D /* Bear_DenTests.swift */; };
		66AC409521ECC80900DADD9D /* Bear_DenUITests.swift in Sources */ = {isa = PBXBuildFile; fileRef = 66AC409421ECC80900DADD9D /* Bear_DenUITests.swift */; };
		66B5DA932201E2E0009B0B2A /* loginScreen.swift in Sources */ = {isa = PBXBuildFile; fileRef = 66B5DA922201E2E0009B0B2A /* loginScreen.swift */; };
		869CFDFFE676A86D116A6ED8 /* Pods_Bear_DenUITests.framework in Frameworks */ = {isa = PBXBuildFile; fileRef = C55ACA8FC0F8CBA865EFFD1A /* Pods_Bear_DenUITests.framework */; };
		A63802E0AD1D1C4011756236 /* Pods_Bear_Den.framework in Frameworks */ = {isa = PBXBuildFile; fileRef = 9E5A92875DB2C5CBB49ABB33 /* Pods_Bear_Den.framework */; };
		EC1500E2221EDFD000CD768E /* CustomCell.swift in Sources */ = {isa = PBXBuildFile; fileRef = EC1500E1221EDFCF00CD768E /* CustomCell.swift */; };
		EC96E880222EB0570026FE5D /* signUpScreen.swift in Sources */ = {isa = PBXBuildFile; fileRef = EC96E87F222EB0570026FE5D /* signUpScreen.swift */; };
		EC96E882222EB09A0026FE5D /* firstPage.swift in Sources */ = {isa = PBXBuildFile; fileRef = EC96E881222EB09A0026FE5D /* firstPage.swift */; };
		EC9DAC58223C004200DBD2F4 /* GoogleService-Info.plist in Resources */ = {isa = PBXBuildFile; fileRef = EC9DAC57223C004200DBD2F4 /* GoogleService-Info.plist */; };
		EC9DAC5C223C279700DBD2F4 /* LastTab.swift in Sources */ = {isa = PBXBuildFile; fileRef = EC9DAC5B223C279700DBD2F4 /* LastTab.swift */; };
		ECA14716223158FB000C8EBF /* RoundedWhiteButton.swift in Sources */ = {isa = PBXBuildFile; fileRef = ECA14715223158FB000C8EBF /* RoundedWhiteButton.swift */; };
		ECAAE822221DE0AE0058F2F6 /* ThirdViewController.swift in Sources */ = {isa = PBXBuildFile; fileRef = ECAAE821221DE0AE0058F2F6 /* ThirdViewController.swift */; };
		ECC2C93822285CCE003C147B /* CalendarSectionHeaderView.swift in Sources */ = {isa = PBXBuildFile; fileRef = ECC2C93622285CCE003C147B /* CalendarSectionHeaderView.swift */; };
		ECC2C93922285CCE003C147B /* CalendarSectionHeaderView.xib in Resources */ = {isa = PBXBuildFile; fileRef = ECC2C93722285CCE003C147B /* CalendarSectionHeaderView.xib */; };
/* End PBXBuildFile section */

/* Begin PBXContainerItemProxy section */
		66AC408621ECC80900DADD9D /* PBXContainerItemProxy */ = {
			isa = PBXContainerItemProxy;
			containerPortal = 66AC406721ECC80800DADD9D /* Project object */;
			proxyType = 1;
			remoteGlobalIDString = 66AC406E21ECC80800DADD9D;
			remoteInfo = "Bear Den";
		};
		66AC409121ECC80900DADD9D /* PBXContainerItemProxy */ = {
			isa = PBXContainerItemProxy;
			containerPortal = 66AC406721ECC80800DADD9D /* Project object */;
			proxyType = 1;
			remoteGlobalIDString = 66AC406E21ECC80800DADD9D;
			remoteInfo = "Bear Den";
		};
/* End PBXContainerItemProxy section */

/* Begin PBXFileReference section */
		3C8F871EEF3FD933A718971A /* Pods-Bear Den.release.xcconfig */ = {isa = PBXFileReference; includeInIndex = 1; lastKnownFileType = text.xcconfig; name = "Pods-Bear Den.release.xcconfig"; path = "Target Support Files/Pods-Bear Den/Pods-Bear Den.release.xcconfig"; sourceTree = "<group>"; };
		669030A721EF6DD200A78EC4 /* FourthViewController.swift */ = {isa = PBXFileReference; lastKnownFileType = sourcecode.swift; path = FourthViewController.swift; sourceTree = "<group>"; };
		66AC406F21ECC80800DADD9D /* Bear Den.app */ = {isa = PBXFileReference; explicitFileType = wrapper.application; includeInIndex = 0; path = "Bear Den.app"; sourceTree = BUILT_PRODUCTS_DIR; };
		66AC407221ECC80800DADD9D /* AppDelegate.swift */ = {isa = PBXFileReference; lastKnownFileType = sourcecode.swift; path = AppDelegate.swift; sourceTree = "<group>"; };
		66AC407421ECC80800DADD9D /* FirstViewController.swift */ = {isa = PBXFileReference; lastKnownFileType = sourcecode.swift; path = FirstViewController.swift; sourceTree = "<group>"; };
		66AC407921ECC80800DADD9D /* Base */ = {isa = PBXFileReference; lastKnownFileType = file.storyboard; name = Base; path = Base.lproj/Main.storyboard; sourceTree = "<group>"; };
		66AC407B21ECC80900DADD9D /* Assets.xcassets */ = {isa = PBXFileReference; lastKnownFileType = folder.assetcatalog; path = Assets.xcassets; sourceTree = "<group>"; };
		66AC408021ECC80900DADD9D /* Info.plist */ = {isa = PBXFileReference; lastKnownFileType = text.plist.xml; path = Info.plist; sourceTree = "<group>"; };
		66AC408521ECC80900DADD9D /* Bear DenTests.xctest */ = {isa = PBXFileReference; explicitFileType = wrapper.cfbundle; includeInIndex = 0; path = "Bear DenTests.xctest"; sourceTree = BUILT_PRODUCTS_DIR; };
		66AC408921ECC80900DADD9D /* Bear_DenTests.swift */ = {isa = PBXFileReference; lastKnownFileType = sourcecode.swift; path = Bear_DenTests.swift; sourceTree = "<group>"; };
		66AC408B21ECC80900DADD9D /* Info.plist */ = {isa = PBXFileReference; lastKnownFileType = text.plist.xml; path = Info.plist; sourceTree = "<group>"; };
		66AC409021ECC80900DADD9D /* Bear DenUITests.xctest */ = {isa = PBXFileReference; explicitFileType = wrapper.cfbundle; includeInIndex = 0; path = "Bear DenUITests.xctest"; sourceTree = BUILT_PRODUCTS_DIR; };
		66AC409421ECC80900DADD9D /* Bear_DenUITests.swift */ = {isa = PBXFileReference; lastKnownFileType = sourcecode.swift; path = Bear_DenUITests.swift; sourceTree = "<group>"; };
		66AC409621ECC80900DADD9D /* Info.plist */ = {isa = PBXFileReference; lastKnownFileType = text.plist.xml; path = Info.plist; sourceTree = "<group>"; };
		66B5DA922201E2E0009B0B2A /* loginScreen.swift */ = {isa = PBXFileReference; lastKnownFileType = sourcecode.swift; path = loginScreen.swift; sourceTree = "<group>"; };
		73CAEC28CA21C957333F905F /* Pods-Bear DenTests.debug.xcconfig */ = {isa = PBXFileReference; includeInIndex = 1; lastKnownFileType = text.xcconfig; name = "Pods-Bear DenTests.debug.xcconfig"; path = "Target Support Files/Pods-Bear DenTests/Pods-Bear DenTests.debug.xcconfig"; sourceTree = "<group>"; };
		89EC684D4C01DFBAD4CAE8C4 /* Pods-Bear DenTests.release.xcconfig */ = {isa = PBXFileReference; includeInIndex = 1; lastKnownFileType = text.xcconfig; name = "Pods-Bear DenTests.release.xcconfig"; path = "Target Support Files/Pods-Bear DenTests/Pods-Bear DenTests.release.xcconfig"; sourceTree = "<group>"; };
		9A03D3A2E723570D172068A0 /* Pods-Bear DenUITests.debug.xcconfig */ = {isa = PBXFileReference; includeInIndex = 1; lastKnownFileType = text.xcconfig; name = "Pods-Bear DenUITests.debug.xcconfig"; path = "Target Support Files/Pods-Bear DenUITests/Pods-Bear DenUITests.debug.xcconfig"; sourceTree = "<group>"; };
		9E5A92875DB2C5CBB49ABB33 /* Pods_Bear_Den.framework */ = {isa = PBXFileReference; explicitFileType = wrapper.framework; includeInIndex = 0; path = Pods_Bear_Den.framework; sourceTree = BUILT_PRODUCTS_DIR; };
		C55ACA8FC0F8CBA865EFFD1A /* Pods_Bear_DenUITests.framework */ = {isa = PBXFileReference; explicitFileType = wrapper.framework; includeInIndex = 0; path = Pods_Bear_DenUITests.framework; sourceTree = BUILT_PRODUCTS_DIR; };
		E6B7B7645246E522D7F9988E /* Pods-Bear DenUITests.release.xcconfig */ = {isa = PBXFileReference; includeInIndex = 1; lastKnownFileType = text.xcconfig; name = "Pods-Bear DenUITests.release.xcconfig"; path = "Target Support Files/Pods-Bear DenUITests/Pods-Bear DenUITests.release.xcconfig"; sourceTree = "<group>"; };
		EC14EB3A2217ED6B0036551C /* Bear Den-Bridging-Header.h */ = {isa = PBXFileReference; lastKnownFileType = sourcecode.c.h; path = "Bear Den-Bridging-Header.h"; sourceTree = "<group>"; };
		EC1500E1221EDFCF00CD768E /* CustomCell.swift */ = {isa = PBXFileReference; lastKnownFileType = sourcecode.swift; path = CustomCell.swift; sourceTree = "<group>"; };
		EC96E87F222EB0570026FE5D /* signUpScreen.swift */ = {isa = PBXFileReference; lastKnownFileType = sourcecode.swift; path = signUpScreen.swift; sourceTree = "<group>"; };
		EC96E881222EB09A0026FE5D /* firstPage.swift */ = {isa = PBXFileReference; lastKnownFileType = sourcecode.swift; path = firstPage.swift; sourceTree = "<group>"; };
		EC9DAC57223C004200DBD2F4 /* GoogleService-Info.plist */ = {isa = PBXFileReference; fileEncoding = 4; lastKnownFileType = text.plist.xml; path = "GoogleService-Info.plist"; sourceTree = "<group>"; };
		EC9DAC5B223C279700DBD2F4 /* LastTab.swift */ = {isa = PBXFileReference; lastKnownFileType = sourcecode.swift; path = LastTab.swift; sourceTree = "<group>"; };
		ECA14715223158FB000C8EBF /* RoundedWhiteButton.swift */ = {isa = PBXFileReference; fileEncoding = 4; lastKnownFileType = sourcecode.swift; path = RoundedWhiteButton.swift; sourceTree = "<group>"; };
		ECAAE821221DE0AE0058F2F6 /* ThirdViewController.swift */ = {isa = PBXFileReference; lastKnownFileType = sourcecode.swift; path = ThirdViewController.swift; sourceTree = "<group>"; };
		ECC2C93622285CCE003C147B /* CalendarSectionHeaderView.swift */ = {isa = PBXFileReference; fileEncoding = 4; lastKnownFileType = sourcecode.swift; path = CalendarSectionHeaderView.swift; sourceTree = "<group>"; };
		ECC2C93722285CCE003C147B /* CalendarSectionHeaderView.xib */ = {isa = PBXFileReference; fileEncoding = 4; lastKnownFileType = file.xib; path = CalendarSectionHeaderView.xib; sourceTree = "<group>"; };
		EEFE10C0F38EE2028FE93E6D /* Pods_Bear_DenTests.framework */ = {isa = PBXFileReference; explicitFileType = wrapper.framework; includeInIndex = 0; path = Pods_Bear_DenTests.framework; sourceTree = BUILT_PRODUCTS_DIR; };
		FF3397FED15973459D593A33 /* Pods-Bear Den.debug.xcconfig */ = {isa = PBXFileReference; includeInIndex = 1; lastKnownFileType = text.xcconfig; name = "Pods-Bear Den.debug.xcconfig"; path = "Target Support Files/Pods-Bear Den/Pods-Bear Den.debug.xcconfig"; sourceTree = "<group>"; };
/* End PBXFileReference section */

/* Begin PBXFrameworksBuildPhase section */
		66AC406C21ECC80800DADD9D /* Frameworks */ = {
			isa = PBXFrameworksBuildPhase;
			buildActionMask = 2147483647;
			files = (
				A63802E0AD1D1C4011756236 /* Pods_Bear_Den.framework in Frameworks */,
			);
			runOnlyForDeploymentPostprocessing = 0;
		};
		66AC408221ECC80900DADD9D /* Frameworks */ = {
			isa = PBXFrameworksBuildPhase;
			buildActionMask = 2147483647;
			files = (
				4720D3549352E8CB2B969529 /* Pods_Bear_DenTests.framework in Frameworks */,
			);
			runOnlyForDeploymentPostprocessing = 0;
		};
		66AC408D21ECC80900DADD9D /* Frameworks */ = {
			isa = PBXFrameworksBuildPhase;
			buildActionMask = 2147483647;
			files = (
				869CFDFFE676A86D116A6ED8 /* Pods_Bear_DenUITests.framework in Frameworks */,
			);
			runOnlyForDeploymentPostprocessing = 0;
		};
/* End PBXFrameworksBuildPhase section */

/* Begin PBXGroup section */
		66AC406621ECC80800DADD9D = {
			isa = PBXGroup;
			children = (
				66AC407121ECC80800DADD9D /* Bear Den */,
				66AC408821ECC80900DADD9D /* Bear DenTests */,
				66AC409321ECC80900DADD9D /* Bear DenUITests */,
				66AC407021ECC80800DADD9D /* Products */,
				C793D3539698B85C61499572 /* Pods */,
				DA6C0B04034374DCDF8BBA1B /* Frameworks */,
			);
			sourceTree = "<group>";
		};
		66AC407021ECC80800DADD9D /* Products */ = {
			isa = PBXGroup;
			children = (
				66AC406F21ECC80800DADD9D /* Bear Den.app */,
				66AC408521ECC80900DADD9D /* Bear DenTests.xctest */,
				66AC409021ECC80900DADD9D /* Bear DenUITests.xctest */,
			);
			name = Products;
			sourceTree = "<group>";
		};
		66AC407121ECC80800DADD9D /* Bear Den */ = {
			isa = PBXGroup;
			children = (
				ECC2C93522285CCE003C147B /* Header */,
				66AC407221ECC80800DADD9D /* AppDelegate.swift */,
				EC96E881222EB09A0026FE5D /* firstPage.swift */,
				66B5DA922201E2E0009B0B2A /* loginScreen.swift */,
				EC96E87F222EB0570026FE5D /* signUpScreen.swift */,
				66AC407421ECC80800DADD9D /* FirstViewController.swift */,
				ECAAE821221DE0AE0058F2F6 /* ThirdViewController.swift */,
				669030A721EF6DD200A78EC4 /* FourthViewController.swift */,
				EC9DAC5B223C279700DBD2F4 /* LastTab.swift */,
				ECA14715223158FB000C8EBF /* RoundedWhiteButton.swift */,
				66AC407821ECC80800DADD9D /* Main.storyboard */,
				66AC407B21ECC80900DADD9D /* Assets.xcassets */,
				EC1500E1221EDFCF00CD768E /* CustomCell.swift */,
				66AC408021ECC80900DADD9D /* Info.plist */,
				EC14EB3A2217ED6B0036551C /* Bear Den-Bridging-Header.h */,
				EC9DAC57223C004200DBD2F4 /* GoogleService-Info.plist */,
			);
			path = "Bear Den";
			sourceTree = "<group>";
		};
		66AC408821ECC80900DADD9D /* Bear DenTests */ = {
			isa = PBXGroup;
			children = (
				66AC408921ECC80900DADD9D /* Bear_DenTests.swift */,
				66AC408B21ECC80900DADD9D /* Info.plist */,
			);
			path = "Bear DenTests";
			sourceTree = "<group>";
		};
		66AC409321ECC80900DADD9D /* Bear DenUITests */ = {
			isa = PBXGroup;
			children = (
				66AC409421ECC80900DADD9D /* Bear_DenUITests.swift */,
				66AC409621ECC80900DADD9D /* Info.plist */,
			);
			path = "Bear DenUITests";
			sourceTree = "<group>";
		};
		C793D3539698B85C61499572 /* Pods */ = {
			isa = PBXGroup;
			children = (
				FF3397FED15973459D593A33 /* Pods-Bear Den.debug.xcconfig */,
				3C8F871EEF3FD933A718971A /* Pods-Bear Den.release.xcconfig */,
				73CAEC28CA21C957333F905F /* Pods-Bear DenTests.debug.xcconfig */,
				89EC684D4C01DFBAD4CAE8C4 /* Pods-Bear DenTests.release.xcconfig */,
				9A03D3A2E723570D172068A0 /* Pods-Bear DenUITests.debug.xcconfig */,
				E6B7B7645246E522D7F9988E /* Pods-Bear DenUITests.release.xcconfig */,
			);
			path = Pods;
			sourceTree = "<group>";
		};
		DA6C0B04034374DCDF8BBA1B /* Frameworks */ = {
			isa = PBXGroup;
			children = (
				9E5A92875DB2C5CBB49ABB33 /* Pods_Bear_Den.framework */,
				EEFE10C0F38EE2028FE93E6D /* Pods_Bear_DenTests.framework */,
				C55ACA8FC0F8CBA865EFFD1A /* Pods_Bear_DenUITests.framework */,
			);
			name = Frameworks;
			sourceTree = "<group>";
		};
		ECC2C93522285CCE003C147B /* Header */ = {
			isa = PBXGroup;
			children = (
				ECC2C93622285CCE003C147B /* CalendarSectionHeaderView.swift */,
				ECC2C93722285CCE003C147B /* CalendarSectionHeaderView.xib */,
			);
			path = Header;
			sourceTree = "<group>";
		};
/* End PBXGroup section */

/* Begin PBXNativeTarget section */
		66AC406E21ECC80800DADD9D /* Bear Den */ = {
			isa = PBXNativeTarget;
			buildConfigurationList = 66AC409921ECC80900DADD9D /* Build configuration list for PBXNativeTarget "Bear Den" */;
			buildPhases = (
				7ECA273A011CD4FF6F8391A7 /* [CP] Check Pods Manifest.lock */,
				66AC406B21ECC80800DADD9D /* Sources */,
				66AC406C21ECC80800DADD9D /* Frameworks */,
				66AC406D21ECC80800DADD9D /* Resources */,
				30924FD851F0AAAFECB6B712 /* [CP] Embed Pods Frameworks */,
				590293CD34244A8414FCDDF4 /* [CP] Copy Pods Resources */,
			);
			buildRules = (
			);
			dependencies = (
			);
			name = "Bear Den";
			productName = "Bear Den";
			productReference = 66AC406F21ECC80800DADD9D /* Bear Den.app */;
			productType = "com.apple.product-type.application";
		};
		66AC408421ECC80900DADD9D /* Bear DenTests */ = {
			isa = PBXNativeTarget;
			buildConfigurationList = 66AC409C21ECC80900DADD9D /* Build configuration list for PBXNativeTarget "Bear DenTests" */;
			buildPhases = (
				8A35E1E79C45037E9FAC0693 /* [CP] Check Pods Manifest.lock */,
				66AC408121ECC80900DADD9D /* Sources */,
				66AC408221ECC80900DADD9D /* Frameworks */,
				66AC408321ECC80900DADD9D /* Resources */,
			);
			buildRules = (
			);
			dependencies = (
				66AC408721ECC80900DADD9D /* PBXTargetDependency */,
			);
			name = "Bear DenTests";
			productName = "Bear DenTests";
			productReference = 66AC408521ECC80900DADD9D /* Bear DenTests.xctest */;
			productType = "com.apple.product-type.bundle.unit-test";
		};
		66AC408F21ECC80900DADD9D /* Bear DenUITests */ = {
			isa = PBXNativeTarget;
			buildConfigurationList = 66AC409F21ECC80900DADD9D /* Build configuration list for PBXNativeTarget "Bear DenUITests" */;
			buildPhases = (
				7DA82AF1EDB26D0CBF3CC26D /* [CP] Check Pods Manifest.lock */,
				66AC408C21ECC80900DADD9D /* Sources */,
				66AC408D21ECC80900DADD9D /* Frameworks */,
				66AC408E21ECC80900DADD9D /* Resources */,
			);
			buildRules = (
			);
			dependencies = (
				66AC409221ECC80900DADD9D /* PBXTargetDependency */,
			);
			name = "Bear DenUITests";
			productName = "Bear DenUITests";
			productReference = 66AC409021ECC80900DADD9D /* Bear DenUITests.xctest */;
			productType = "com.apple.product-type.bundle.ui-testing";
		};
/* End PBXNativeTarget section */

/* Begin PBXProject section */
		66AC406721ECC80800DADD9D /* Project object */ = {
			isa = PBXProject;
			attributes = {
				LastSwiftUpdateCheck = 1010;
				LastUpgradeCheck = 1010;
				ORGANIZATIONNAME = "Gabaro 2019";
				TargetAttributes = {
					66AC406E21ECC80800DADD9D = {
						CreatedOnToolsVersion = 10.1;
						LastSwiftMigration = 1010;
					};
					66AC408421ECC80900DADD9D = {
						CreatedOnToolsVersion = 10.1;
						TestTargetID = 66AC406E21ECC80800DADD9D;
					};
					66AC408F21ECC80900DADD9D = {
						CreatedOnToolsVersion = 10.1;
						TestTargetID = 66AC406E21ECC80800DADD9D;
					};
				};
			};
			buildConfigurationList = 66AC406A21ECC80800DADD9D /* Build configuration list for PBXProject "Bear Den" */;
			compatibilityVersion = "Xcode 9.3";
			developmentRegion = en;
			hasScannedForEncodings = 0;
			knownRegions = (
				en,
				Base,
			);
			mainGroup = 66AC406621ECC80800DADD9D;
			productRefGroup = 66AC407021ECC80800DADD9D /* Products */;
			projectDirPath = "";
			projectRoot = "";
			targets = (
				66AC406E21ECC80800DADD9D /* Bear Den */,
				66AC408421ECC80900DADD9D /* Bear DenTests */,
				66AC408F21ECC80900DADD9D /* Bear DenUITests */,
			);
		};
/* End PBXProject section */

/* Begin PBXResourcesBuildPhase section */
		66AC406D21ECC80800DADD9D /* Resources */ = {
			isa = PBXResourcesBuildPhase;
			buildActionMask = 2147483647;
			files = (
				66AC407C21ECC80900DADD9D /* Assets.xcassets in Resources */,
				EC9DAC58223C004200DBD2F4 /* GoogleService-Info.plist in Resources */,
				66AC407A21ECC80800DADD9D /* Main.storyboard in Resources */,
				ECC2C93922285CCE003C147B /* CalendarSectionHeaderView.xib in Resources */,
			);
			runOnlyForDeploymentPostprocessing = 0;
		};
		66AC408321ECC80900DADD9D /* Resources */ = {
			isa = PBXResourcesBuildPhase;
			buildActionMask = 2147483647;
			files = (
			);
			runOnlyForDeploymentPostprocessing = 0;
		};
		66AC408E21ECC80900DADD9D /* Resources */ = {
			isa = PBXResourcesBuildPhase;
			buildActionMask = 2147483647;
			files = (
			);
			runOnlyForDeploymentPostprocessing = 0;
		};
/* End PBXResourcesBuildPhase section */

/* Begin PBXShellScriptBuildPhase section */
		30924FD851F0AAAFECB6B712 /* [CP] Embed Pods Frameworks */ = {
			isa = PBXShellScriptBuildPhase;
			buildActionMask = 2147483647;
			files = (
			);
			inputFileListPaths = (
			);
			inputPaths = (
				"${PODS_ROOT}/Target Support Files/Pods-Bear Den/Pods-Bear Den-frameworks.sh",
				"${BUILT_PRODUCTS_DIR}/Bolts/Bolts.framework",
				"${BUILT_PRODUCTS_DIR}/BoringSSL-GRPC/openssl_grpc.framework",
				"${BUILT_PRODUCTS_DIR}/FBSDKCoreKit/FBSDKCoreKit.framework",
				"${BUILT_PRODUCTS_DIR}/FBSDKLoginKit/FBSDKLoginKit.framework",
				"${BUILT_PRODUCTS_DIR}/GTMSessionFetcher/GTMSessionFetcher.framework",
				"${BUILT_PRODUCTS_DIR}/GoogleToolboxForMac/GoogleToolboxForMac.framework",
				"${BUILT_PRODUCTS_DIR}/GoogleUtilities/GoogleUtilities.framework",
				"${BUILT_PRODUCTS_DIR}/JTAppleCalendar/JTAppleCalendar.framework",
				"${BUILT_PRODUCTS_DIR}/Protobuf/Protobuf.framework",
				"${BUILT_PRODUCTS_DIR}/SDWebImage/SDWebImage.framework",
				"${BUILT_PRODUCTS_DIR}/SwiftDate/SwiftDate.framework",
				"${PODS_ROOT}/TwitterCore/iOS/TwitterCore.framework",
				"${PODS_ROOT}/TwitterKit/iOS/TwitterKit.framework",
				"${BUILT_PRODUCTS_DIR}/gRPC-C++/grpcpp.framework",
				"${BUILT_PRODUCTS_DIR}/gRPC-Core/grpc.framework",
				"${BUILT_PRODUCTS_DIR}/leveldb-library/leveldb.framework",
				"${BUILT_PRODUCTS_DIR}/nanopb/nanopb.framework",
			);
			name = "[CP] Embed Pods Frameworks";
			outputFileListPaths = (
			);
			outputPaths = (
				"${TARGET_BUILD_DIR}/${FRAMEWORKS_FOLDER_PATH}/Bolts.framework",
				"${TARGET_BUILD_DIR}/${FRAMEWORKS_FOLDER_PATH}/openssl_grpc.framework",
				"${TARGET_BUILD_DIR}/${FRAMEWORKS_FOLDER_PATH}/FBSDKCoreKit.framework",
				"${TARGET_BUILD_DIR}/${FRAMEWORKS_FOLDER_PATH}/FBSDKLoginKit.framework",
				"${TARGET_BUILD_DIR}/${FRAMEWORKS_FOLDER_PATH}/GTMSessionFetcher.framework",
				"${TARGET_BUILD_DIR}/${FRAMEWORKS_FOLDER_PATH}/GoogleToolboxForMac.framework",
				"${TARGET_BUILD_DIR}/${FRAMEWORKS_FOLDER_PATH}/GoogleUtilities.framework",
				"${TARGET_BUILD_DIR}/${FRAMEWORKS_FOLDER_PATH}/JTAppleCalendar.framework",
				"${TARGET_BUILD_DIR}/${FRAMEWORKS_FOLDER_PATH}/Protobuf.framework",
				"${TARGET_BUILD_DIR}/${FRAMEWORKS_FOLDER_PATH}/SDWebImage.framework",
				"${TARGET_BUILD_DIR}/${FRAMEWORKS_FOLDER_PATH}/SwiftDate.framework",
				"${TARGET_BUILD_DIR}/${FRAMEWORKS_FOLDER_PATH}/TwitterCore.framework",
				"${TARGET_BUILD_DIR}/${FRAMEWORKS_FOLDER_PATH}/TwitterKit.framework",
				"${TARGET_BUILD_DIR}/${FRAMEWORKS_FOLDER_PATH}/grpcpp.framework",
				"${TARGET_BUILD_DIR}/${FRAMEWORKS_FOLDER_PATH}/grpc.framework",
				"${TARGET_BUILD_DIR}/${FRAMEWORKS_FOLDER_PATH}/leveldb.framework",
				"${TARGET_BUILD_DIR}/${FRAMEWORKS_FOLDER_PATH}/nanopb.framework",
			);
			runOnlyForDeploymentPostprocessing = 0;
			shellPath = /bin/sh;
			shellScript = "\"${PODS_ROOT}/Target Support Files/Pods-Bear Den/Pods-Bear Den-frameworks.sh\"\n";
			showEnvVarsInLog = 0;
		};
		590293CD34244A8414FCDDF4 /* [CP] Copy Pods Resources */ = {
			isa = PBXShellScriptBuildPhase;
			buildActionMask = 2147483647;
			files = (
			);
			inputFileListPaths = (
			);
			inputPaths = (
				"${PODS_ROOT}/Target Support Files/Pods-Bear Den/Pods-Bear Den-resources.sh",
				"${PODS_CONFIGURATION_BUILD_DIR}/FirebaseUI/FirebaseAnonymousAuthUI.bundle",
				"${PODS_CONFIGURATION_BUILD_DIR}/FirebaseUI/FirebaseAuthUI.bundle",
				"${PODS_CONFIGURATION_BUILD_DIR}/FirebaseUI/FirebaseEmailAuthUI.bundle",
				"${PODS_CONFIGURATION_BUILD_DIR}/FirebaseUI/FirebaseFacebookAuthUI.bundle",
				"${PODS_CONFIGURATION_BUILD_DIR}/FirebaseUI/FirebaseGoogleAuthUI.bundle",
				"${PODS_CONFIGURATION_BUILD_DIR}/FirebaseUI/FirebasePhoneAuthUI.bundle",
				"${PODS_CONFIGURATION_BUILD_DIR}/FirebaseUI/FirebaseTwitterAuthUI.bundle",
				"${PODS_ROOT}/GoogleSignIn/Resources/GoogleSignIn.bundle",
				"${PODS_ROOT}/TwitterKit/iOS/TwitterKit.framework/TwitterKitResources.bundle",
			);
			name = "[CP] Copy Pods Resources";
			outputFileListPaths = (
			);
			outputPaths = (
				"${TARGET_BUILD_DIR}/${UNLOCALIZED_RESOURCES_FOLDER_PATH}/FirebaseAnonymousAuthUI.bundle",
				"${TARGET_BUILD_DIR}/${UNLOCALIZED_RESOURCES_FOLDER_PATH}/FirebaseAuthUI.bundle",
				"${TARGET_BUILD_DIR}/${UNLOCALIZED_RESOURCES_FOLDER_PATH}/FirebaseEmailAuthUI.bundle",
				"${TARGET_BUILD_DIR}/${UNLOCALIZED_RESOURCES_FOLDER_PATH}/FirebaseFacebookAuthUI.bundle",
				"${TARGET_BUILD_DIR}/${UNLOCALIZED_RESOURCES_FOLDER_PATH}/FirebaseGoogleAuthUI.bundle",
				"${TARGET_BUILD_DIR}/${UNLOCALIZED_RESOURCES_FOLDER_PATH}/FirebasePhoneAuthUI.bundle",
				"${TARGET_BUILD_DIR}/${UNLOCALIZED_RESOURCES_FOLDER_PATH}/FirebaseTwitterAuthUI.bundle",
				"${TARGET_BUILD_DIR}/${UNLOCALIZED_RESOURCES_FOLDER_PATH}/GoogleSignIn.bundle",
				"${TARGET_BUILD_DIR}/${UNLOCALIZED_RESOURCES_FOLDER_PATH}/TwitterKitResources.bundle",
			);
			runOnlyForDeploymentPostprocessing = 0;
			shellPath = /bin/sh;
			shellScript = "\"${PODS_ROOT}/Target Support Files/Pods-Bear Den/Pods-Bear Den-resources.sh\"\n";
			showEnvVarsInLog = 0;
		};
		7DA82AF1EDB26D0CBF3CC26D /* [CP] Check Pods Manifest.lock */ = {
			isa = PBXShellScriptBuildPhase;
			buildActionMask = 2147483647;
			files = (
			);
			inputFileListPaths = (
			);
			inputPaths = (
				"${PODS_PODFILE_DIR_PATH}/Podfile.lock",
				"${PODS_ROOT}/Manifest.lock",
			);
			name = "[CP] Check Pods Manifest.lock";
			outputFileListPaths = (
			);
			outputPaths = (
				"$(DERIVED_FILE_DIR)/Pods-Bear DenUITests-checkManifestLockResult.txt",
			);
			runOnlyForDeploymentPostprocessing = 0;
			shellPath = /bin/sh;
			shellScript = "diff \"${PODS_PODFILE_DIR_PATH}/Podfile.lock\" \"${PODS_ROOT}/Manifest.lock\" > /dev/null\nif [ $? != 0 ] ; then\n    # print error to STDERR\n    echo \"error: The sandbox is not in sync with the Podfile.lock. Run 'pod install' or update your CocoaPods installation.\" >&2\n    exit 1\nfi\n# This output is used by Xcode 'outputs' to avoid re-running this script phase.\necho \"SUCCESS\" > \"${SCRIPT_OUTPUT_FILE_0}\"\n";
			showEnvVarsInLog = 0;
		};
		7ECA273A011CD4FF6F8391A7 /* [CP] Check Pods Manifest.lock */ = {
			isa = PBXShellScriptBuildPhase;
			buildActionMask = 2147483647;
			files = (
			);
			inputFileListPaths = (
			);
			inputPaths = (
				"${PODS_PODFILE_DIR_PATH}/Podfile.lock",
				"${PODS_ROOT}/Manifest.lock",
			);
			name = "[CP] Check Pods Manifest.lock";
			outputFileListPaths = (
			);
			outputPaths = (
				"$(DERIVED_FILE_DIR)/Pods-Bear Den-checkManifestLockResult.txt",
			);
			runOnlyForDeploymentPostprocessing = 0;
			shellPath = /bin/sh;
			shellScript = "diff \"${PODS_PODFILE_DIR_PATH}/Podfile.lock\" \"${PODS_ROOT}/Manifest.lock\" > /dev/null\nif [ $? != 0 ] ; then\n    # print error to STDERR\n    echo \"error: The sandbox is not in sync with the Podfile.lock. Run 'pod install' or update your CocoaPods installation.\" >&2\n    exit 1\nfi\n# This output is used by Xcode 'outputs' to avoid re-running this script phase.\necho \"SUCCESS\" > \"${SCRIPT_OUTPUT_FILE_0}\"\n";
			showEnvVarsInLog = 0;
		};
		8A35E1E79C45037E9FAC0693 /* [CP] Check Pods Manifest.lock */ = {
			isa = PBXShellScriptBuildPhase;
			buildActionMask = 2147483647;
			files = (
			);
			inputFileListPaths = (
			);
			inputPaths = (
				"${PODS_PODFILE_DIR_PATH}/Podfile.lock",
				"${PODS_ROOT}/Manifest.lock",
			);
			name = "[CP] Check Pods Manifest.lock";
			outputFileListPaths = (
			);
			outputPaths = (
				"$(DERIVED_FILE_DIR)/Pods-Bear DenTests-checkManifestLockResult.txt",
			);
			runOnlyForDeploymentPostprocessing = 0;
			shellPath = /bin/sh;
			shellScript = "diff \"${PODS_PODFILE_DIR_PATH}/Podfile.lock\" \"${PODS_ROOT}/Manifest.lock\" > /dev/null\nif [ $? != 0 ] ; then\n    # print error to STDERR\n    echo \"error: The sandbox is not in sync with the Podfile.lock. Run 'pod install' or update your CocoaPods installation.\" >&2\n    exit 1\nfi\n# This output is used by Xcode 'outputs' to avoid re-running this script phase.\necho \"SUCCESS\" > \"${SCRIPT_OUTPUT_FILE_0}\"\n";
			showEnvVarsInLog = 0;
		};
/* End PBXShellScriptBuildPhase section */

/* Begin PBXSourcesBuildPhase section */
		66AC406B21ECC80800DADD9D /* Sources */ = {
			isa = PBXSourcesBuildPhase;
			buildActionMask = 2147483647;
			files = (
				66AC407321ECC80800DADD9D /* AppDelegate.swift in Sources */,
				ECA14716223158FB000C8EBF /* RoundedWhiteButton.swift in Sources */,
				EC9DAC5C223C279700DBD2F4 /* LastTab.swift in Sources */,
				ECAAE822221DE0AE0058F2F6 /* ThirdViewController.swift in Sources */,
				66B5DA932201E2E0009B0B2A /* loginScreen.swift in Sources */,
				EC96E880222EB0570026FE5D /* signUpScreen.swift in Sources */,
				66AC407521ECC80800DADD9D /* FirstViewController.swift in Sources */,
				ECC2C93822285CCE003C147B /* CalendarSectionHeaderView.swift in Sources */,
				EC1500E2221EDFD000CD768E /* CustomCell.swift in Sources */,
				669030A821EF6DD200A78EC4 /* FourthViewController.swift in Sources */,
				EC96E882222EB09A0026FE5D /* firstPage.swift in Sources */,
			);
			runOnlyForDeploymentPostprocessing = 0;
		};
		66AC408121ECC80900DADD9D /* Sources */ = {
			isa = PBXSourcesBuildPhase;
			buildActionMask = 2147483647;
			files = (
				66AC408A21ECC80900DADD9D /* Bear_DenTests.swift in Sources */,
			);
			runOnlyForDeploymentPostprocessing = 0;
		};
		66AC408C21ECC80900DADD9D /* Sources */ = {
			isa = PBXSourcesBuildPhase;
			buildActionMask = 2147483647;
			files = (
				66AC409521ECC80900DADD9D /* Bear_DenUITests.swift in Sources */,
			);
			runOnlyForDeploymentPostprocessing = 0;
		};
/* End PBXSourcesBuildPhase section */

/* Begin PBXTargetDependency section */
		66AC408721ECC80900DADD9D /* PBXTargetDependency */ = {
			isa = PBXTargetDependency;
			target = 66AC406E21ECC80800DADD9D /* Bear Den */;
			targetProxy = 66AC408621ECC80900DADD9D /* PBXContainerItemProxy */;
		};
		66AC409221ECC80900DADD9D /* PBXTargetDependency */ = {
			isa = PBXTargetDependency;
			target = 66AC406E21ECC80800DADD9D /* Bear Den */;
			targetProxy = 66AC409121ECC80900DADD9D /* PBXContainerItemProxy */;
		};
/* End PBXTargetDependency section */

/* Begin PBXVariantGroup section */
		66AC407821ECC80800DADD9D /* Main.storyboard */ = {
			isa = PBXVariantGroup;
			children = (
				66AC407921ECC80800DADD9D /* Base */,
			);
			name = Main.storyboard;
			sourceTree = "<group>";
		};
/* End PBXVariantGroup section */

/* Begin XCBuildConfiguration section */
		66AC409721ECC80900DADD9D /* Debug */ = {
			isa = XCBuildConfiguration;
			buildSettings = {
				ALWAYS_SEARCH_USER_PATHS = NO;
				CLANG_ANALYZER_NONNULL = YES;
				CLANG_ANALYZER_NUMBER_OBJECT_CONVERSION = YES_AGGRESSIVE;
				CLANG_CXX_LANGUAGE_STANDARD = "gnu++14";
				CLANG_CXX_LIBRARY = "libc++";
				CLANG_ENABLE_MODULES = YES;
				CLANG_ENABLE_OBJC_ARC = YES;
				CLANG_ENABLE_OBJC_WEAK = YES;
				CLANG_WARN_BLOCK_CAPTURE_AUTORELEASING = YES;
				CLANG_WARN_BOOL_CONVERSION = YES;
				CLANG_WARN_COMMA = YES;
				CLANG_WARN_CONSTANT_CONVERSION = YES;
				CLANG_WARN_DEPRECATED_OBJC_IMPLEMENTATIONS = YES;
				CLANG_WARN_DIRECT_OBJC_ISA_USAGE = YES_ERROR;
				CLANG_WARN_DOCUMENTATION_COMMENTS = YES;
				CLANG_WARN_EMPTY_BODY = YES;
				CLANG_WARN_ENUM_CONVERSION = YES;
				CLANG_WARN_INFINITE_RECURSION = YES;
				CLANG_WARN_INT_CONVERSION = YES;
				CLANG_WARN_NON_LITERAL_NULL_CONVERSION = YES;
				CLANG_WARN_OBJC_IMPLICIT_RETAIN_SELF = YES;
				CLANG_WARN_OBJC_LITERAL_CONVERSION = YES;
				CLANG_WARN_OBJC_ROOT_CLASS = YES_ERROR;
				CLANG_WARN_RANGE_LOOP_ANALYSIS = YES;
				CLANG_WARN_STRICT_PROTOTYPES = YES;
				CLANG_WARN_SUSPICIOUS_MOVE = YES;
				CLANG_WARN_UNGUARDED_AVAILABILITY = YES_AGGRESSIVE;
				CLANG_WARN_UNREACHABLE_CODE = YES;
				CLANG_WARN__DUPLICATE_METHOD_MATCH = YES;
				CODE_SIGN_IDENTITY = "iPhone Developer";
				COPY_PHASE_STRIP = NO;
				DEBUG_INFORMATION_FORMAT = dwarf;
				ENABLE_STRICT_OBJC_MSGSEND = YES;
				ENABLE_TESTABILITY = YES;
				GCC_C_LANGUAGE_STANDARD = gnu11;
				GCC_DYNAMIC_NO_PIC = NO;
				GCC_NO_COMMON_BLOCKS = YES;
				GCC_OPTIMIZATION_LEVEL = 0;
				GCC_PREPROCESSOR_DEFINITIONS = (
					"DEBUG=1",
					"$(inherited)",
				);
				GCC_WARN_64_TO_32_BIT_CONVERSION = YES;
				GCC_WARN_ABOUT_RETURN_TYPE = YES_ERROR;
				GCC_WARN_UNDECLARED_SELECTOR = YES;
				GCC_WARN_UNINITIALIZED_AUTOS = YES_AGGRESSIVE;
				GCC_WARN_UNUSED_FUNCTION = YES;
				GCC_WARN_UNUSED_VARIABLE = YES;
				IPHONEOS_DEPLOYMENT_TARGET = 12.1;
				MTL_ENABLE_DEBUG_INFO = INCLUDE_SOURCE;
				MTL_FAST_MATH = YES;
				ONLY_ACTIVE_ARCH = YES;
				SDKROOT = iphoneos;
				SWIFT_ACTIVE_COMPILATION_CONDITIONS = DEBUG;
				SWIFT_OPTIMIZATION_LEVEL = "-Onone";
			};
			name = Debug;
		};
		66AC409821ECC80900DADD9D /* Release */ = {
			isa = XCBuildConfiguration;
			buildSettings = {
				ALWAYS_SEARCH_USER_PATHS = NO;
				CLANG_ANALYZER_NONNULL = YES;
				CLANG_ANALYZER_NUMBER_OBJECT_CONVERSION = YES_AGGRESSIVE;
				CLANG_CXX_LANGUAGE_STANDARD = "gnu++14";
				CLANG_CXX_LIBRARY = "libc++";
				CLANG_ENABLE_MODULES = YES;
				CLANG_ENABLE_OBJC_ARC = YES;
				CLANG_ENABLE_OBJC_WEAK = YES;
				CLANG_WARN_BLOCK_CAPTURE_AUTORELEASING = YES;
				CLANG_WARN_BOOL_CONVERSION = YES;
				CLANG_WARN_COMMA = YES;
				CLANG_WARN_CONSTANT_CONVERSION = YES;
				CLANG_WARN_DEPRECATED_OBJC_IMPLEMENTATIONS = YES;
				CLANG_WARN_DIRECT_OBJC_ISA_USAGE = YES_ERROR;
				CLANG_WARN_DOCUMENTATION_COMMENTS = YES;
				CLANG_WARN_EMPTY_BODY = YES;
				CLANG_WARN_ENUM_CONVERSION = YES;
				CLANG_WARN_INFINITE_RECURSION = YES;
				CLANG_WARN_INT_CONVERSION = YES;
				CLANG_WARN_NON_LITERAL_NULL_CONVERSION = YES;
				CLANG_WARN_OBJC_IMPLICIT_RETAIN_SELF = YES;
				CLANG_WARN_OBJC_LITERAL_CONVERSION = YES;
				CLANG_WARN_OBJC_ROOT_CLASS = YES_ERROR;
				CLANG_WARN_RANGE_LOOP_ANALYSIS = YES;
				CLANG_WARN_STRICT_PROTOTYPES = YES;
				CLANG_WARN_SUSPICIOUS_MOVE = YES;
				CLANG_WARN_UNGUARDED_AVAILABILITY = YES_AGGRESSIVE;
				CLANG_WARN_UNREACHABLE_CODE = YES;
				CLANG_WARN__DUPLICATE_METHOD_MATCH = YES;
				CODE_SIGN_IDENTITY = "iPhone Developer";
				COPY_PHASE_STRIP = NO;
				DEBUG_INFORMATION_FORMAT = "dwarf-with-dsym";
				ENABLE_NS_ASSERTIONS = NO;
				ENABLE_STRICT_OBJC_MSGSEND = YES;
				GCC_C_LANGUAGE_STANDARD = gnu11;
				GCC_NO_COMMON_BLOCKS = YES;
				GCC_WARN_64_TO_32_BIT_CONVERSION = YES;
				GCC_WARN_ABOUT_RETURN_TYPE = YES_ERROR;
				GCC_WARN_UNDECLARED_SELECTOR = YES;
				GCC_WARN_UNINITIALIZED_AUTOS = YES_AGGRESSIVE;
				GCC_WARN_UNUSED_FUNCTION = YES;
				GCC_WARN_UNUSED_VARIABLE = YES;
				IPHONEOS_DEPLOYMENT_TARGET = 12.1;
				MTL_ENABLE_DEBUG_INFO = NO;
				MTL_FAST_MATH = YES;
				SDKROOT = iphoneos;
				SWIFT_COMPILATION_MODE = wholemodule;
				SWIFT_OPTIMIZATION_LEVEL = "-O";
				VALIDATE_PRODUCT = YES;
			};
			name = Release;
		};
		66AC409A21ECC80900DADD9D /* Debug */ = {
			isa = XCBuildConfiguration;
			baseConfigurationReference = FF3397FED15973459D593A33 /* Pods-Bear Den.debug.xcconfig */;
			buildSettings = {
				ASSETCATALOG_COMPILER_APPICON_NAME = AppIcon;
				CLANG_ENABLE_MODULES = YES;
				CODE_SIGN_STYLE = Automatic;
				DEVELOPMENT_TEAM = 78PNVPRA9V;
				INFOPLIST_FILE = "Bear Den/Info.plist";
				LD_RUNPATH_SEARCH_PATHS = (
					"$(inherited)",
					"@executable_path/Frameworks",
				);
				PRODUCT_BUNDLE_IDENTIFIER = "com.gabaro.Bear-Den";
				PRODUCT_NAME = "$(TARGET_NAME)";
				SWIFT_OBJC_BRIDGING_HEADER = "Bear Den/Bear Den-Bridging-Header.h";
				SWIFT_OPTIMIZATION_LEVEL = "-Onone";
				SWIFT_VERSION = 4.2;
				TARGETED_DEVICE_FAMILY = 1;
			};
			name = Debug;
		};
		66AC409B21ECC80900DADD9D /* Release */ = {
			isa = XCBuildConfiguration;
			baseConfigurationReference = 3C8F871EEF3FD933A718971A /* Pods-Bear Den.release.xcconfig */;
			buildSettings = {
				ASSETCATALOG_COMPILER_APPICON_NAME = AppIcon;
				CLANG_ENABLE_MODULES = YES;
				CODE_SIGN_STYLE = Automatic;
				DEVELOPMENT_TEAM = 78PNVPRA9V;
				INFOPLIST_FILE = "Bear Den/Info.plist";
				LD_RUNPATH_SEARCH_PATHS = (
					"$(inherited)",
					"@executable_path/Frameworks",
				);
				PRODUCT_BUNDLE_IDENTIFIER = "com.gabaro.Bear-Den";
				PRODUCT_NAME = "$(TARGET_NAME)";
				SWIFT_OBJC_BRIDGING_HEADER = "Bear Den/Bear Den-Bridging-Header.h";
				SWIFT_VERSION = 4.2;
				TARGETED_DEVICE_FAMILY = 1;
			};
			name = Release;
		};
		66AC409D21ECC80900DADD9D /* Debug */ = {
			isa = XCBuildConfiguration;
			baseConfigurationReference = 73CAEC28CA21C957333F905F /* Pods-Bear DenTests.debug.xcconfig */;
			buildSettings = {
				ALWAYS_EMBED_SWIFT_STANDARD_LIBRARIES = YES;
				BUNDLE_LOADER = "$(TEST_HOST)";
				CODE_SIGN_STYLE = Automatic;
				INFOPLIST_FILE = "Bear DenTests/Info.plist";
				LD_RUNPATH_SEARCH_PATHS = (
					"$(inherited)",
					"@executable_path/Frameworks",
					"@loader_path/Frameworks",
				);
				PRODUCT_BUNDLE_IDENTIFIER = "com.gabaro.Bear-DenTests";
				PRODUCT_NAME = "$(TARGET_NAME)";
				SWIFT_VERSION = 4.2;
				TARGETED_DEVICE_FAMILY = "1,2";
				TEST_HOST = "$(BUILT_PRODUCTS_DIR)/Bear Den.app/Bear Den";
			};
			name = Debug;
		};
		66AC409E21ECC80900DADD9D /* Release */ = {
			isa = XCBuildConfiguration;
			baseConfigurationReference = 89EC684D4C01DFBAD4CAE8C4 /* Pods-Bear DenTests.release.xcconfig */;
			buildSettings = {
				ALWAYS_EMBED_SWIFT_STANDARD_LIBRARIES = YES;
				BUNDLE_LOADER = "$(TEST_HOST)";
				CODE_SIGN_STYLE = Automatic;
				INFOPLIST_FILE = "Bear DenTests/Info.plist";
				LD_RUNPATH_SEARCH_PATHS = (
					"$(inherited)",
					"@executable_path/Frameworks",
					"@loader_path/Frameworks",
				);
				PRODUCT_BUNDLE_IDENTIFIER = "com.gabaro.Bear-DenTests";
				PRODUCT_NAME = "$(TARGET_NAME)";
				SWIFT_VERSION = 4.2;
				TARGETED_DEVICE_FAMILY = "1,2";
				TEST_HOST = "$(BUILT_PRODUCTS_DIR)/Bear Den.app/Bear Den";
			};
			name = Release;
		};
		66AC40A021ECC80900DADD9D /* Debug */ = {
			isa = XCBuildConfiguration;
			baseConfigurationReference = 9A03D3A2E723570D172068A0 /* Pods-Bear DenUITests.debug.xcconfig */;
			buildSettings = {
				ALWAYS_EMBED_SWIFT_STANDARD_LIBRARIES = YES;
				CODE_SIGN_STYLE = Automatic;
				INFOPLIST_FILE = "Bear DenUITests/Info.plist";
				LD_RUNPATH_SEARCH_PATHS = (
					"$(inherited)",
					"@executable_path/Frameworks",
					"@loader_path/Frameworks",
				);
				PRODUCT_BUNDLE_IDENTIFIER = "com.gabaro.Bear-DenUITests";
				PRODUCT_NAME = "$(TARGET_NAME)";
				SWIFT_VERSION = 4.2;
				TARGETED_DEVICE_FAMILY = "1,2";
				TEST_TARGET_NAME = "Bear Den";
			};
			name = Debug;
		};
		66AC40A121ECC80900DADD9D /* Release */ = {
			isa = XCBuildConfiguration;
			baseConfigurationReference = E6B7B7645246E522D7F9988E /* Pods-Bear DenUITests.release.xcconfig */;
			buildSettings = {
				ALWAYS_EMBED_SWIFT_STANDARD_LIBRARIES = YES;
				CODE_SIGN_STYLE = Automatic;
				INFOPLIST_FILE = "Bear DenUITests/Info.plist";
				LD_RUNPATH_SEARCH_PATHS = (
					"$(inherited)",
					"@executable_path/Frameworks",
					"@loader_path/Frameworks",
				);
				PRODUCT_BUNDLE_IDENTIFIER = "com.gabaro.Bear-DenUITests";
				PRODUCT_NAME = "$(TARGET_NAME)";
				SWIFT_VERSION = 4.2;
				TARGETED_DEVICE_FAMILY = "1,2";
				TEST_TARGET_NAME = "Bear Den";
			};
			name = Release;
		};
/* End XCBuildConfiguration section */

/* Begin XCConfigurationList section */
		66AC406A21ECC80800DADD9D /* Build configuration list for PBXProject "Bear Den" */ = {
			isa = XCConfigurationList;
			buildConfigurations = (
				66AC409721ECC80900DADD9D /* Debug */,
				66AC409821ECC80900DADD9D /* Release */,
			);
			defaultConfigurationIsVisible = 0;
			defaultConfigurationName = Release;
		};
		66AC409921ECC80900DADD9D /* Build configuration list for PBXNativeTarget "Bear Den" */ = {
			isa = XCConfigurationList;
			buildConfigurations = (
				66AC409A21ECC80900DADD9D /* Debug */,
				66AC409B21ECC80900DADD9D /* Release */,
			);
			defaultConfigurationIsVisible = 0;
			defaultConfigurationName = Release;
		};
		66AC409C21ECC80900DADD9D /* Build configuration list for PBXNativeTarget "Bear DenTests" */ = {
			isa = XCConfigurationList;
			buildConfigurations = (
				66AC409D21ECC80900DADD9D /* Debug */,
				66AC409E21ECC80900DADD9D /* Release */,
			);
			defaultConfigurationIsVisible = 0;
			defaultConfigurationName = Release;
		};
		66AC409F21ECC80900DADD9D /* Build configuration list for PBXNativeTarget "Bear DenUITests" */ = {
			isa = XCConfigurationList;
			buildConfigurations = (
				66AC40A021ECC80900DADD9D /* Debug */,
				66AC40A121ECC80900DADD9D /* Release */,
			);
			defaultConfigurationIsVisible = 0;
			defaultConfigurationName = Release;
		};
/* End XCConfigurationList section */
	};
	rootObject = 66AC406721ECC80800DADD9D /* Project object */;
}
